
Microsoft Visual Studio Solution File, Format Version 12.00
# Visual Studio 15
VisualStudioVersion = 15.0.27004.2009
MinimumVisualStudioVersion = 10.0.40219.1
Project("{FAE04EC0-301F-11D3-BF4B-00C04F79EFBC}") = "WebApplication1", "WebApplication1\WebApplication1.csproj", "{D837E45A-1D55-4084-A44D-693686E3631C}"
EndProject
Global
	GlobalSection(SolutionConfigurationPlatforms) = preSolution
		Debug|Any CPU = Debug|Any CPU
		Release|Any CPU = Release|Any CPU
	EndGlobalSection
	GlobalSection(ProjectConfigurationPlatforms) = postSolution
		{D837E45A-1D55-4084-A44D-693686E3631C}.Debug|Any CPU.ActiveCfg = Debug|Any CPU
		{D837E45A-1D55-4084-A44D-693686E3631C}.Debug|Any CPU.Build.0 = Debug|Any CPU
		{D837E45A-1D55-4084-A44D-693686E3631C}.Release|Any CPU.ActiveCfg = Release|Any CPU
		{D837E45A-1D55-4084-A44D-693686E3631C}.Release|Any CPU.Build.0 = Release|Any CPU
	EndGlobalSection
	GlobalSection(SolutionProperties) = preSolution
		HideSolutionNode = FALSE
	EndGlobalSection
	GlobalSection(ExtensibilityGlobals) = postSolution
		SolutionGuid = {2E6C20B1-BE4E-40C9-A02E-D5A70208D9DC}
	EndGlobalSection
EndGlobal
