
Microsoft Visual Studio Solution File, Format Version 12.00
# Visual Studio 15
VisualStudioVersion = 15.0.27130.2010
MinimumVisualStudioVersion = 10.0.40219.1
Project("{FAE04EC0-301F-11D3-BF4B-00C04F79EFBC}") = "SignalRTest1", "SignalRTest1\SignalRTest1.csproj", "{0CF26823-63E8-4BDE-9298-BBC5CC52DF21}"
EndProject
Global
	GlobalSection(SolutionConfigurationPlatforms) = preSolution
		Debug|Any CPU = Debug|Any CPU
		Release|Any CPU = Release|Any CPU
	EndGlobalSection
	GlobalSection(ProjectConfigurationPlatforms) = postSolution
		{0CF26823-63E8-4BDE-9298-BBC5CC52DF21}.Debug|Any CPU.ActiveCfg = Debug|Any CPU
		{0CF26823-63E8-4BDE-9298-BBC5CC52DF21}.Debug|Any CPU.Build.0 = Debug|Any CPU
		{0CF26823-63E8-4BDE-9298-BBC5CC52DF21}.Release|Any CPU.ActiveCfg = Release|Any CPU
		{0CF26823-63E8-4BDE-9298-BBC5CC52DF21}.Release|Any CPU.Build.0 = Release|Any CPU
	EndGlobalSection
	GlobalSection(SolutionProperties) = preSolution
		HideSolutionNode = FALSE
	EndGlobalSection
	GlobalSection(ExtensibilityGlobals) = postSolution
		SolutionGuid = {365018B3-449C-49EF-B4B2-CEDDDCF9B3D9}
	EndGlobalSection
EndGlobal
